// !$*UTF8*$!
{
	archiveVersion = 1;
	classes = {
	};
	objectVersion = 46;
	objects = {

/* Begin PBXBuildFile section */
		134D4E231C7E49B90082793A /* AppDelegate.swift in Sources */ = {isa = PBXBuildFile; fileRef = 134D4E221C7E49B90082793A /* AppDelegate.swift */; };
		134D4E251C7E49B90082793A /* MainVC.swift in Sources */ = {isa = PBXBuildFile; fileRef = 134D4E241C7E49B90082793A /* MainVC.swift */; };
		134D4E281C7E49B90082793A /* Main.storyboard in Resources */ = {isa = PBXBuildFile; fileRef = 134D4E261C7E49B90082793A /* Main.storyboard */; };
		134D4E2D1C7E49B90082793A /* LaunchScreen.storyboard in Resources */ = {isa = PBXBuildFile; fileRef = 134D4E2B1C7E49B90082793A /* LaunchScreen.storyboard */; };
		137ABA261C7EF2960021AEE9 /* IntroImage.swift in Sources */ = {isa = PBXBuildFile; fileRef = 137ABA251C7EF2960021AEE9 /* IntroImage.swift */; };
		137ABA2F1C7F35CF0021AEE9 /* Assets.xcassets in Resources */ = {isa = PBXBuildFile; fileRef = 137ABA2E1C7F35CF0021AEE9 /* Assets.xcassets */; };
		137ABA311C7F39E70021AEE9 /* AppView.swift in Sources */ = {isa = PBXBuildFile; fileRef = 137ABA301C7F39E70021AEE9 /* AppView.swift */; };
		137ABA331C7F3EB20021AEE9 /* Pokemon.swift in Sources */ = {isa = PBXBuildFile; fileRef = 137ABA321C7F3EB20021AEE9 /* Pokemon.swift */; };
		137ABA351C7F4D380021AEE9 /* PokemonCell.swift in Sources */ = {isa = PBXBuildFile; fileRef = 137ABA341C7F4D380021AEE9 /* PokemonCell.swift */; };
/* End PBXBuildFile section */

/* Begin PBXFileReference section */
		134D4E1F1C7E49B90082793A /* PokeDeck.app */ = {isa = PBXFileReference; explicitFileType = wrapper.application; includeInIndex = 0; path = PokeDeck.app; sourceTree = BUILT_PRODUCTS_DIR; };
		134D4E221C7E49B90082793A /* AppDelegate.swift */ = {isa = PBXFileReference; lastKnownFileType = sourcecode.swift; path = AppDelegate.swift; sourceTree = "<group>"; };
		134D4E241C7E49B90082793A /* MainVC.swift */ = {isa = PBXFileReference; lastKnownFileType = sourcecode.swift; path = MainVC.swift; sourceTree = "<group>"; };
		134D4E271C7E49B90082793A /* Base */ = {isa = PBXFileReference; lastKnownFileType = file.storyboard; name = Base; path = Base.lproj/Main.storyboard; sourceTree = "<group>"; };
		134D4E2C1C7E49B90082793A /* Base */ = {isa = PBXFileReference; lastKnownFileType = file.storyboard; name = Base; path = Base.lproj/LaunchScreen.storyboard; sourceTree = "<group>"; };
		134D4E2E1C7E49B90082793A /* Info.plist */ = {isa = PBXFileReference; lastKnownFileType = text.plist.xml; path = Info.plist; sourceTree = "<group>"; };
		137ABA251C7EF2960021AEE9 /* IntroImage.swift */ = {isa = PBXFileReference; fileEncoding = 4; lastKnownFileType = sourcecode.swift; path = IntroImage.swift; sourceTree = "<group>"; };
		137ABA2E1C7F35CF0021AEE9 /* Assets.xcassets */ = {isa = PBXFileReference; lastKnownFileType = folder.assetcatalog; path = Assets.xcassets; sourceTree = "<group>"; };
		137ABA301C7F39E70021AEE9 /* AppView.swift */ = {isa = PBXFileReference; fileEncoding = 4; lastKnownFileType = sourcecode.swift; path = AppView.swift; sourceTree = "<group>"; };
		137ABA321C7F3EB20021AEE9 /* Pokemon.swift */ = {isa = PBXFileReference; fileEncoding = 4; lastKnownFileType = sourcecode.swift; path = Pokemon.swift; sourceTree = "<group>"; };
		137ABA341C7F4D380021AEE9 /* PokemonCell.swift */ = {isa = PBXFileReference; fileEncoding = 4; lastKnownFileType = sourcecode.swift; path = PokemonCell.swift; sourceTree = "<group>"; };
/* End PBXFileReference section */

/* Begin PBXFrameworksBuildPhase section */
		134D4E1C1C7E49B90082793A /* Frameworks */ = {
			isa = PBXFrameworksBuildPhase;
			buildActionMask = 2147483647;
			files = (
			);
			runOnlyForDeploymentPostprocessing = 0;
		};
/* End PBXFrameworksBuildPhase section */

/* Begin PBXGroup section */
		134D4E161C7E49B90082793A = {
			isa = PBXGroup;
			children = (
				134D4E211C7E49B90082793A /* PokeDeck */,
				134D4E201C7E49B90082793A /* Products */,
			);
			sourceTree = "<group>";
		};
		134D4E201C7E49B90082793A /* Products */ = {
			isa = PBXGroup;
			children = (
				134D4E1F1C7E49B90082793A /* PokeDeck.app */,
			);
			name = Products;
			sourceTree = "<group>";
		};
		134D4E211C7E49B90082793A /* PokeDeck */ = {
			isa = PBXGroup;
			children = (
				137ABA281C7EF2A80021AEE9 /* Model */,
				137ABA271C7EF29B0021AEE9 /* View */,
				137ABA291C7EF2AF0021AEE9 /* Controller */,
				134D4E221C7E49B90082793A /* AppDelegate.swift */,
				137ABA2E1C7F35CF0021AEE9 /* Assets.xcassets */,
				134D4E2E1C7E49B90082793A /* Info.plist */,
			);
			path = PokeDeck;
			sourceTree = "<group>";
		};
		137ABA271C7EF29B0021AEE9 /* View */ = {
			isa = PBXGroup;
			children = (
				134D4E261C7E49B90082793A /* Main.storyboard */,
				134D4E2B1C7E49B90082793A /* LaunchScreen.storyboard */,
				137ABA251C7EF2960021AEE9 /* IntroImage.swift */,
				137ABA301C7F39E70021AEE9 /* AppView.swift */,
				137ABA341C7F4D380021AEE9 /* PokemonCell.swift */,
			);
			name = View;
			sourceTree = "<group>";
		};
		137ABA281C7EF2A80021AEE9 /* Model */ = {
			isa = PBXGroup;
			children = (
				137ABA321C7F3EB20021AEE9 /* Pokemon.swift */,
			);
			name = Model;
			sourceTree = "<group>";
		};
		137ABA291C7EF2AF0021AEE9 /* Controller */ = {
			isa = PBXGroup;
			children = (
				134D4E241C7E49B90082793A /* MainVC.swift */,
			);
			name = Controller;
			sourceTree = "<group>";
		};
/* End PBXGroup section */

/* Begin PBXNativeTarget section */
		134D4E1E1C7E49B90082793A /* PokeDeck */ = {
			isa = PBXNativeTarget;
			buildConfigurationList = 134D4E311C7E49B90082793A /* Build configuration list for PBXNativeTarget "PokeDeck" */;
			buildPhases = (
				134D4E1B1C7E49B90082793A /* Sources */,
				134D4E1C1C7E49B90082793A /* Frameworks */,
				134D4E1D1C7E49B90082793A /* Resources */,
			);
			buildRules = (
			);
			dependencies = (
			);
			name = PokeDeck;
			productName = PokeDeck;
			productReference = 134D4E1F1C7E49B90082793A /* PokeDeck.app */;
			productType = "com.apple.product-type.application";
		};
/* End PBXNativeTarget section */

/* Begin PBXProject section */
		134D4E171C7E49B90082793A /* Project object */ = {
			isa = PBXProject;
			attributes = {
				LastSwiftUpdateCheck = 0720;
				LastUpgradeCheck = 0720;
				ORGANIZATIONNAME = "Jan Dammshäuser";
				TargetAttributes = {
					134D4E1E1C7E49B90082793A = {
						CreatedOnToolsVersion = 7.2.1;
						DevelopmentTeam = 6N9Z26P656;
					};
				};
			};
			buildConfigurationList = 134D4E1A1C7E49B90082793A /* Build configuration list for PBXProject "PokeDeck" */;
			compatibilityVersion = "Xcode 3.2";
			developmentRegion = English;
			hasScannedForEncodings = 0;
			knownRegions = (
				en,
				Base,
			);
			mainGroup = 134D4E161C7E49B90082793A;
			productRefGroup = 134D4E201C7E49B90082793A /* Products */;
			projectDirPath = "";
			projectRoot = "";
			targets = (
				134D4E1E1C7E49B90082793A /* PokeDeck */,
			);
		};
/* End PBXProject section */

/* Begin PBXResourcesBuildPhase section */
		134D4E1D1C7E49B90082793A /* Resources */ = {
			isa = PBXResourcesBuildPhase;
			buildActionMask = 2147483647;
			files = (
				134D4E2D1C7E49B90082793A /* LaunchScreen.storyboard in Resources */,
				137ABA2F1C7F35CF0021AEE9 /* Assets.xcassets in Resources */,
				134D4E281C7E49B90082793A /* Main.storyboard in Resources */,
			);
			runOnlyForDeploymentPostprocessing = 0;
		};
/* End PBXResourcesBuildPhase section */

/* Begin PBXSourcesBuildPhase section */
		134D4E1B1C7E49B90082793A /* Sources */ = {
			isa = PBXSourcesBuildPhase;
			buildActionMask = 2147483647;
			files = (
				137ABA331C7F3EB20021AEE9 /* Pokemon.swift in Sources */,
				137ABA311C7F39E70021AEE9 /* AppView.swift in Sources */,
				137ABA351C7F4D380021AEE9 /* PokemonCell.swift in Sources */,
				134D4E251C7E49B90082793A /* MainVC.swift in Sources */,
				137ABA261C7EF2960021AEE9 /* IntroImage.swift in Sources */,
				134D4E231C7E49B90082793A /* AppDelegate.swift in Sources */,
			);
			runOnlyForDeploymentPostprocessing = 0;
		};
/* End PBXSourcesBuildPhase section */

/* Begin PBXVariantGroup section */
		134D4E261C7E49B90082793A /* Main.storyboard */ = {
			isa = PBXVariantGroup;
			children = (
				134D4E271C7E49B90082793A /* Base */,
			);
			name = Main.storyboard;
			sourceTree = "<group>";
		};
		134D4E2B1C7E49B90082793A /* LaunchScreen.storyboard */ = {
			isa = PBXVariantGroup;
			children = (
				134D4E2C1C7E49B90082793A /* Base */,
			);
			name = LaunchScreen.storyboard;
			sourceTree = "<group>";
		};
/* End PBXVariantGroup section */

/* Begin XCBuildConfiguration section */
		134D4E2F1C7E49B90082793A /* Debug */ = {
			isa = XCBuildConfiguration;
			buildSettings = {
				ALWAYS_SEARCH_USER_PATHS = NO;
				CLANG_CXX_LANGUAGE_STANDARD = "gnu++0x";
				CLANG_CXX_LIBRARY = "libc++";
				CLANG_ENABLE_MODULES = YES;
				CLANG_ENABLE_OBJC_ARC = YES;
				CLANG_WARN_BOOL_CONVERSION = YES;
				CLANG_WARN_CONSTANT_CONVERSION = YES;
				CLANG_WARN_DIRECT_OBJC_ISA_USAGE = YES_ERROR;
				CLANG_WARN_EMPTY_BODY = YES;
				CLANG_WARN_ENUM_CONVERSION = YES;
				CLANG_WARN_INT_CONVERSION = YES;
				CLANG_WARN_OBJC_ROOT_CLASS = YES_ERROR;
				CLANG_WARN_UNREACHABLE_CODE = YES;
				CLANG_WARN__DUPLICATE_METHOD_MATCH = YES;
				"CODE_SIGN_IDENTITY[sdk=iphoneos*]" = "iPhone Developer";
				COPY_PHASE_STRIP = NO;
				DEBUG_INFORMATION_FORMAT = dwarf;
				ENABLE_STRICT_OBJC_MSGSEND = YES;
				ENABLE_TESTABILITY = YES;
				GCC_C_LANGUAGE_STANDARD = gnu99;
				GCC_DYNAMIC_NO_PIC = NO;
				GCC_NO_COMMON_BLOCKS = YES;
				GCC_OPTIMIZATION_LEVEL = 0;
				GCC_PREPROCESSOR_DEFINITIONS = (
					"DEBUG=1",
					"$(inherited)",
				);
				GCC_WARN_64_TO_32_BIT_CONVERSION = YES;
				GCC_WARN_ABOUT_RETURN_TYPE = YES_ERROR;
				GCC_WARN_UNDECLARED_SELECTOR = YES;
				GCC_WARN_UNINITIALIZED_AUTOS = YES_AGGRESSIVE;
				GCC_WARN_UNUSED_FUNCTION = YES;
				GCC_WARN_UNUSED_VARIABLE = YES;
				IPHONEOS_DEPLOYMENT_TARGET = 9.2;
				MTL_ENABLE_DEBUG_INFO = YES;
				ONLY_ACTIVE_ARCH = YES;
				SDKROOT = iphoneos;
				SWIFT_OPTIMIZATION_LEVEL = "-Onone";
				TARGETED_DEVICE_FAMILY = 2;
			};
			name = Debug;
		};
		134D4E301C7E49B90082793A /* Release */ = {
			isa = XCBuildConfiguration;
			buildSettings = {
				ALWAYS_SEARCH_USER_PATHS = NO;
				CLANG_CXX_LANGUAGE_STANDARD = "gnu++0x";
				CLANG_CXX_LIBRARY = "libc++";
				CLANG_ENABLE_MODULES = YES;
				CLANG_ENABLE_OBJC_ARC = YES;
				CLANG_WARN_BOOL_CONVERSION = YES;
				CLANG_WARN_CONSTANT_CONVERSION = YES;
				CLANG_WARN_DIRECT_OBJC_ISA_USAGE = YES_ERROR;
				CLANG_WARN_EMPTY_BODY = YES;
				CLANG_WARN_ENUM_CONVERSION = YES;
				CLANG_WARN_INT_CONVERSION = YES;
				CLANG_WARN_OBJC_ROOT_CLASS = YES_ERROR;
				CLANG_WARN_UNREACHABLE_CODE = YES;
				CLANG_WARN__DUPLICATE_METHOD_MATCH = YES;
				"CODE_SIGN_IDENTITY[sdk=iphoneos*]" = "iPhone Developer";
				COPY_PHASE_STRIP = NO;
				DEBUG_INFORMATION_FORMAT = "dwarf-with-dsym";
				ENABLE_NS_ASSERTIONS = NO;
				ENABLE_STRICT_OBJC_MSGSEND = YES;
				GCC_C_LANGUAGE_STANDARD = gnu99;
				GCC_NO_COMMON_BLOCKS = YES;
				GCC_WARN_64_TO_32_BIT_CONVERSION = YES;
				GCC_WARN_ABOUT_RETURN_TYPE = YES_ERROR;
				GCC_WARN_UNDECLARED_SELECTOR = YES;
				GCC_WARN_UNINITIALIZED_AUTOS = YES_AGGRESSIVE;
				GCC_WARN_UNUSED_FUNCTION = YES;
				GCC_WARN_UNUSED_VARIABLE = YES;
				IPHONEOS_DEPLOYMENT_TARGET = 9.2;
				MTL_ENABLE_DEBUG_INFO = NO;
				SDKROOT = iphoneos;
				TARGETED_DEVICE_FAMILY = 2;
				VALIDATE_PRODUCT = YES;
			};
			name = Release;
		};
		134D4E321C7E49B90082793A /* Debug */ = {
			isa = XCBuildConfiguration;
			buildSettings = {
				ASSETCATALOG_COMPILER_APPICON_NAME = AppIcon;
				INFOPLIST_FILE = PokeDeck/Info.plist;
				LD_RUNPATH_SEARCH_PATHS = "$(inherited) @executable_path/Frameworks";
				PRODUCT_BUNDLE_IDENTIFIER = de.jandamm.PokeDeck;
				PRODUCT_NAME = "$(TARGET_NAME)";
				TARGETED_DEVICE_FAMILY = "1,2";
			};
			name = Debug;
		};
		134D4E331C7E49B90082793A /* Release */ = {
			isa = XCBuildConfiguration;
			buildSettings = {
				ASSETCATALOG_COMPILER_APPICON_NAME = AppIcon;
				INFOPLIST_FILE = PokeDeck/Info.plist;
				LD_RUNPATH_SEARCH_PATHS = "$(inherited) @executable_path/Frameworks";
				PRODUCT_BUNDLE_IDENTIFIER = de.jandamm.PokeDeck;
				PRODUCT_NAME = "$(TARGET_NAME)";
				TARGETED_DEVICE_FAMILY = "1,2";
			};
			name = Release;
		};
/* End XCBuildConfiguration section */

/* Begin XCConfigurationList section */
		134D4E1A1C7E49B90082793A /* Build configuration list for PBXProject "PokeDeck" */ = {
			isa = XCConfigurationList;
			buildConfigurations = (
				134D4E2F1C7E49B90082793A /* Debug */,
				134D4E301C7E49B90082793A /* Release */,
			);
			defaultConfigurationIsVisible = 0;
			defaultConfigurationName = Release;
		};
		134D4E311C7E49B90082793A /* Build configuration list for PBXNativeTarget "PokeDeck" */ = {
			isa = XCConfigurationList;
			buildConfigurations = (
				134D4E321C7E49B90082793A /* Debug */,
				134D4E331C7E49B90082793A /* Release */,
			);
			defaultConfigurationIsVisible = 0;
			defaultConfigurationName = Release;
		};
/* End XCConfigurationList section */
	};
	rootObject = 134D4E171C7E49B90082793A /* Project object */;
}
